
Microsoft Visual Studio Solution File, Format Version 12.00
# Visual Studio Version 16
VisualStudioVersion = 16.0.30517.126
MinimumVisualStudioVersion = 10.0.40219.1
Project("{FAE04EC0-301F-11D3-BF4B-00C04F79EFBC}") = "RestaurantMenu", "RestaurantMenu\RestaurantMenu.csproj", "{8A9E625C-DFBE-4135-9B76-BE1CD6F25491}"
EndProject
Global
	GlobalSection(SolutionConfigurationPlatforms) = preSolution
		Debug|Any CPU = Debug|Any CPU
		Release|Any CPU = Release|Any CPU
	EndGlobalSection
	GlobalSection(ProjectConfigurationPlatforms) = postSolution
		{8A9E625C-DFBE-4135-9B76-BE1CD6F25491}.Debug|Any CPU.ActiveCfg = Debug|Any CPU
		{8A9E625C-DFBE-4135-9B76-BE1CD6F25491}.Debug|Any CPU.Build.0 = Debug|Any CPU
		{8A9E625C-DFBE-4135-9B76-BE1CD6F25491}.Release|Any CPU.ActiveCfg = Release|Any CPU
		{8A9E625C-DFBE-4135-9B76-BE1CD6F25491}.Release|Any CPU.Build.0 = Release|Any CPU
	EndGlobalSection
	GlobalSection(SolutionProperties) = preSolution
		HideSolutionNode = FALSE
	EndGlobalSection
	GlobalSection(ExtensibilityGlobals) = postSolution
		SolutionGuid = {F7B70739-EFB1-475A-85C0-FC0ACCEE5FB1}
	EndGlobalSection
EndGlobal
